
Microsoft Visual Studio Solution File, Format Version 12.00
# Visual Studio 2012
Project("{FAE04EC0-301F-11D3-BF4B-00C04F79EFBC}") = "OATH.Net", "OATH.Net\OATH.Net.csproj", "{D3842881-C2F4-44A7-AE51-5BC041B7B2FD}"
EndProject
Project("{FAE04EC0-301F-11D3-BF4B-00C04F79EFBC}") = "OATH.Net.Test", "OATH.Net.Test\OATH.Net.Test.csproj", "{791F063E-3B2A-4082-829E-9363324A90F4}"
EndProject
Project("{2150E333-8FDC-42A3-9474-1A3956D46DE8}") = "Solution Items", "Solution Items", "{4C63D6DA-A2F5-4711-84AD-1318F3625B3E}"
	ProjectSection(SolutionItems) = preProject
		NOTICE.md = NOTICE.md
		README.md = README.md
	EndProjectSection
EndProject
Global
	GlobalSection(SolutionConfigurationPlatforms) = preSolution
		Debug|Any CPU = Debug|Any CPU
		Release|Any CPU = Release|Any CPU
	EndGlobalSection
	GlobalSection(ProjectConfigurationPlatforms) = postSolution
		{D3842881-C2F4-44A7-AE51-5BC041B7B2FD}.Debug|Any CPU.ActiveCfg = Debug|Any CPU
		{D3842881-C2F4-44A7-AE51-5BC041B7B2FD}.Debug|Any CPU.Build.0 = Debug|Any CPU
		{D3842881-C2F4-44A7-AE51-5BC041B7B2FD}.Release|Any CPU.ActiveCfg = Release|Any CPU
		{D3842881-C2F4-44A7-AE51-5BC041B7B2FD}.Release|Any CPU.Build.0 = Release|Any CPU
		{791F063E-3B2A-4082-829E-9363324A90F4}.Debug|Any CPU.ActiveCfg = Debug|Any CPU
		{791F063E-3B2A-4082-829E-9363324A90F4}.Debug|Any CPU.Build.0 = Debug|Any CPU
		{791F063E-3B2A-4082-829E-9363324A90F4}.Release|Any CPU.ActiveCfg = Release|Any CPU
		{791F063E-3B2A-4082-829E-9363324A90F4}.Release|Any CPU.Build.0 = Release|Any CPU
	EndGlobalSection
	GlobalSection(SolutionProperties) = preSolution
		HideSolutionNode = FALSE
	EndGlobalSection
EndGlobal
